
Microsoft Visual Studio Solution File, Format Version 12.00
Project("{2150E333-8FDC-42A3-9474-1A3956D46DE8}") = "src", "src", "{EADEF2D2-F0F7-4FE6-BB66-92A885AF9190}"
EndProject
Project("{FAE04EC0-301F-11D3-BF4B-00C04F79EFBC}") = "Yota.Iis", "Yota.Iis\Yota.Iis.csproj", "{C6715822-3249-4D18-9B89-5ACF26EDE96C}"
EndProject
Global
	GlobalSection(SolutionConfigurationPlatforms) = preSolution
		Debug|Any CPU = Debug|Any CPU
		Release|Any CPU = Release|Any CPU
	EndGlobalSection
	GlobalSection(ProjectConfigurationPlatforms) = postSolution
		{C6715822-3249-4D18-9B89-5ACF26EDE96C}.Debug|Any CPU.ActiveCfg = Debug|Any CPU
		{C6715822-3249-4D18-9B89-5ACF26EDE96C}.Debug|Any CPU.Build.0 = Debug|Any CPU
		{C6715822-3249-4D18-9B89-5ACF26EDE96C}.Release|Any CPU.ActiveCfg = Release|Any CPU
		{C6715822-3249-4D18-9B89-5ACF26EDE96C}.Release|Any CPU.Build.0 = Release|Any CPU
	EndGlobalSection
	GlobalSection(NestedProjects) = preSolution
		{C6715822-3249-4D18-9B89-5ACF26EDE96C} = {EADEF2D2-F0F7-4FE6-BB66-92A885AF9190}
	EndGlobalSection
EndGlobal
